// !$*UTF8*$!
{
	archiveVersion = 1;
	classes = {
	};
	objectVersion = 50;
	objects = {

/* Begin PBXBuildFile section */
		5D94896D29522FC300673F1B /* ConfigHelper.swift in Sources */ = {isa = PBXBuildFile; fileRef = 5D94896C29522FC300673F1B /* ConfigHelper.swift */; };
		5D94896F295232F700673F1B /* DataHelper.swift in Sources */ = {isa = PBXBuildFile; fileRef = 5D94896E295232F700673F1B /* DataHelper.swift */; };
		8485512D20FC916000EADA73 /* CrcSwift.swift in Sources */ = {isa = PBXBuildFile; fileRef = 8485512C20FC916000EADA73 /* CrcSwift.swift */; };
		8485513A20FC91C100EADA73 /* CrcSwiftTests.swift in Sources */ = {isa = PBXBuildFile; fileRef = 8485513920FC91C100EADA73 /* CrcSwiftTests.swift */; };
		8485513C20FC91C100EADA73 /* libCrcSwift.a in Frameworks */ = {isa = PBXBuildFile; fileRef = 8485512920FC916000EADA73 /* libCrcSwift.a */; };
		84ED3FA3210AF6D6008B6DC5 /* Enums.swift in Sources */ = {isa = PBXBuildFile; fileRef = 84ED3FA2210AF6D6008B6DC5 /* Enums.swift */; };
/* End PBXBuildFile section */

/* Begin PBXContainerItemProxy section */
		8485513D20FC91C100EADA73 /* PBXContainerItemProxy */ = {
			isa = PBXContainerItemProxy;
			containerPortal = 8485512120FC916000EADA73 /* Project object */;
			proxyType = 1;
			remoteGlobalIDString = 8485512820FC916000EADA73;
			remoteInfo = CrcSwift;
		};
/* End PBXContainerItemProxy section */

/* Begin PBXCopyFilesBuildPhase section */
		8485512720FC916000EADA73 /* CopyFiles */ = {
			isa = PBXCopyFilesBuildPhase;
			buildActionMask = 2147483647;
			dstPath = "include/$(PRODUCT_NAME)";
			dstSubfolderSpec = 16;
			files = (
			);
			runOnlyForDeploymentPostprocessing = 0;
		};
/* End PBXCopyFilesBuildPhase section */

/* Begin PBXFileReference section */
		5D9489672952163600673F1B /* LICENSE */ = {isa = PBXFileReference; fileEncoding = 4; lastKnownFileType = text; path = LICENSE; sourceTree = "<group>"; };
		5D94896A29522AB900673F1B /* .gitignore */ = {isa = PBXFileReference; fileEncoding = 4; lastKnownFileType = text; path = .gitignore; sourceTree = "<group>"; };
		5D94896C29522FC300673F1B /* ConfigHelper.swift */ = {isa = PBXFileReference; lastKnownFileType = sourcecode.swift; path = ConfigHelper.swift; sourceTree = "<group>"; };
		5D94896E295232F700673F1B /* DataHelper.swift */ = {isa = PBXFileReference; lastKnownFileType = sourcecode.swift; path = DataHelper.swift; sourceTree = "<group>"; };
		8485512920FC916000EADA73 /* libCrcSwift.a */ = {isa = PBXFileReference; explicitFileType = archive.ar; includeInIndex = 0; path = libCrcSwift.a; sourceTree = BUILT_PRODUCTS_DIR; };
		8485512C20FC916000EADA73 /* CrcSwift.swift */ = {isa = PBXFileReference; lastKnownFileType = sourcecode.swift; path = CrcSwift.swift; sourceTree = "<group>"; };
		8485513720FC91C100EADA73 /* CrcSwiftTests.xctest */ = {isa = PBXFileReference; explicitFileType = wrapper.cfbundle; includeInIndex = 0; path = CrcSwiftTests.xctest; sourceTree = BUILT_PRODUCTS_DIR; };
		8485513920FC91C100EADA73 /* CrcSwiftTests.swift */ = {isa = PBXFileReference; lastKnownFileType = sourcecode.swift; path = CrcSwiftTests.swift; sourceTree = "<group>"; };
		8485513B20FC91C100EADA73 /* Info.plist */ = {isa = PBXFileReference; lastKnownFileType = text.plist.xml; path = Info.plist; sourceTree = "<group>"; };
		848FFB522164B91A0018AD36 /* README.md */ = {isa = PBXFileReference; fileEncoding = 4; lastKnownFileType = net.daringfireball.markdown; path = README.md; sourceTree = "<group>"; };
		84ED3FA2210AF6D6008B6DC5 /* Enums.swift */ = {isa = PBXFileReference; lastKnownFileType = sourcecode.swift; path = Enums.swift; sourceTree = "<group>"; };
/* End PBXFileReference section */

/* Begin PBXFrameworksBuildPhase section */
		8485512620FC916000EADA73 /* Frameworks */ = {
			isa = PBXFrameworksBuildPhase;
			buildActionMask = 2147483647;
			files = (
			);
			runOnlyForDeploymentPostprocessing = 0;
		};
		8485513420FC91C100EADA73 /* Frameworks */ = {
			isa = PBXFrameworksBuildPhase;
			buildActionMask = 2147483647;
			files = (
				8485513C20FC91C100EADA73 /* libCrcSwift.a in Frameworks */,
			);
			runOnlyForDeploymentPostprocessing = 0;
		};
/* End PBXFrameworksBuildPhase section */

/* Begin PBXGroup section */
		5D94896B29522FB000673F1B /* Helpers */ = {
			isa = PBXGroup;
			children = (
				5D94896C29522FC300673F1B /* ConfigHelper.swift */,
				5D94896E295232F700673F1B /* DataHelper.swift */,
			);
			path = Helpers;
			sourceTree = "<group>";
		};
		8485512020FC916000EADA73 = {
			isa = PBXGroup;
			children = (
				8485512B20FC916000EADA73 /* CrcSwift */,
				8485513820FC91C100EADA73 /* CrcSwiftTests */,
				8485512A20FC916000EADA73 /* Products */,
				848FFB522164B91A0018AD36 /* README.md */,
				5D94896A29522AB900673F1B /* .gitignore */,
				5D9489672952163600673F1B /* LICENSE */,
			);
			sourceTree = "<group>";
		};
		8485512A20FC916000EADA73 /* Products */ = {
			isa = PBXGroup;
			children = (
				8485512920FC916000EADA73 /* libCrcSwift.a */,
				8485513720FC91C100EADA73 /* CrcSwiftTests.xctest */,
			);
			name = Products;
			sourceTree = "<group>";
		};
		8485512B20FC916000EADA73 /* CrcSwift */ = {
			isa = PBXGroup;
			children = (
				5D94896B29522FB000673F1B /* Helpers */,
				84ED3FA1210AF6C0008B6DC5 /* Model */,
				8485512C20FC916000EADA73 /* CrcSwift.swift */,
			);
			path = CrcSwift;
			sourceTree = "<group>";
		};
		8485513820FC91C100EADA73 /* CrcSwiftTests */ = {
			isa = PBXGroup;
			children = (
				8485513920FC91C100EADA73 /* CrcSwiftTests.swift */,
				8485513B20FC91C100EADA73 /* Info.plist */,
			);
			path = CrcSwiftTests;
			sourceTree = "<group>";
		};
		84ED3FA1210AF6C0008B6DC5 /* Model */ = {
			isa = PBXGroup;
			children = (
				84ED3FA2210AF6D6008B6DC5 /* Enums.swift */,
			);
			path = Model;
			sourceTree = "<group>";
		};
/* End PBXGroup section */

/* Begin PBXNativeTarget section */
		8485512820FC916000EADA73 /* CrcSwift */ = {
			isa = PBXNativeTarget;
			buildConfigurationList = 8485513020FC916000EADA73 /* Build configuration list for PBXNativeTarget "CrcSwift" */;
			buildPhases = (
				8485512520FC916000EADA73 /* Sources */,
				8485512620FC916000EADA73 /* Frameworks */,
				8485512720FC916000EADA73 /* CopyFiles */,
			);
			buildRules = (
			);
			dependencies = (
			);
			name = CrcSwift;
			productName = CrcSwift;
			productReference = 8485512920FC916000EADA73 /* libCrcSwift.a */;
			productType = "com.apple.product-type.library.static";
		};
		8485513620FC91C100EADA73 /* CrcSwiftTests */ = {
			isa = PBXNativeTarget;
			buildConfigurationList = 8485513F20FC91C100EADA73 /* Build configuration list for PBXNativeTarget "CrcSwiftTests" */;
			buildPhases = (
				8485513320FC91C100EADA73 /* Sources */,
				8485513420FC91C100EADA73 /* Frameworks */,
				8485513520FC91C100EADA73 /* Resources */,
			);
			buildRules = (
			);
			dependencies = (
				8485513E20FC91C100EADA73 /* PBXTargetDependency */,
			);
			name = CrcSwiftTests;
			productName = CrcSwiftTests;
			productReference = 8485513720FC91C100EADA73 /* CrcSwiftTests.xctest */;
			productType = "com.apple.product-type.bundle.unit-test";
		};
/* End PBXNativeTarget section */

/* Begin PBXProject section */
		8485512120FC916000EADA73 /* Project object */ = {
			isa = PBXProject;
			attributes = {
				LastSwiftUpdateCheck = 0940;
				LastUpgradeCheck = 1410;
				ORGANIZATIONNAME = "Ivan Elioskin";
				TargetAttributes = {
					8485512820FC916000EADA73 = {
						CreatedOnToolsVersion = 9.4;
						LastSwiftMigration = 1000;
					};
					8485513620FC91C100EADA73 = {
						CreatedOnToolsVersion = 9.4;
						LastSwiftMigration = 1150;
					};
				};
			};
			buildConfigurationList = 8485512420FC916000EADA73 /* Build configuration list for PBXProject "CrcSwift" */;
			compatibilityVersion = "Xcode 9.3";
			developmentRegion = en;
			hasScannedForEncodings = 0;
			knownRegions = (
				en,
				Base,
			);
			mainGroup = 8485512020FC916000EADA73;
			productRefGroup = 8485512A20FC916000EADA73 /* Products */;
			projectDirPath = "";
			projectRoot = "";
			targets = (
				8485512820FC916000EADA73 /* CrcSwift */,
				8485513620FC91C100EADA73 /* CrcSwiftTests */,
			);
		};
/* End PBXProject section */

/* Begin PBXResourcesBuildPhase section */
		8485513520FC91C100EADA73 /* Resources */ = {
			isa = PBXResourcesBuildPhase;
			buildActionMask = 2147483647;
			files = (
			);
			runOnlyForDeploymentPostprocessing = 0;
		};
/* End PBXResourcesBuildPhase section */

/* Begin PBXSourcesBuildPhase section */
		8485512520FC916000EADA73 /* Sources */ = {
			isa = PBXSourcesBuildPhase;
			buildActionMask = 2147483647;
			files = (
				84ED3FA3210AF6D6008B6DC5 /* Enums.swift in Sources */,
				5D94896F295232F700673F1B /* DataHelper.swift in Sources */,
				8485512D20FC916000EADA73 /* CrcSwift.swift in Sources */,
				5D94896D29522FC300673F1B /* ConfigHelper.swift in Sources */,
			);
			runOnlyForDeploymentPostprocessing = 0;
		};
		8485513320FC91C100EADA73 /* Sources */ = {
			isa = PBXSourcesBuildPhase;
			buildActionMask = 2147483647;
			files = (
				8485513A20FC91C100EADA73 /* CrcSwiftTests.swift in Sources */,
			);
			runOnlyForDeploymentPostprocessing = 0;
		};
/* End PBXSourcesBuildPhase section */

/* Begin PBXTargetDependency section */
		8485513E20FC91C100EADA73 /* PBXTargetDependency */ = {
			isa = PBXTargetDependency;
			target = 8485512820FC916000EADA73 /* CrcSwift */;
			targetProxy = 8485513D20FC91C100EADA73 /* PBXContainerItemProxy */;
		};
/* End PBXTargetDependency section */

/* Begin XCBuildConfiguration section */
		8485512E20FC916000EADA73 /* Debug */ = {
			isa = XCBuildConfiguration;
			buildSettings = {
				ALWAYS_SEARCH_USER_PATHS = NO;
				CLANG_ANALYZER_NONNULL = YES;
				CLANG_ANALYZER_NUMBER_OBJECT_CONVERSION = YES_AGGRESSIVE;
				CLANG_CXX_LANGUAGE_STANDARD = "gnu++14";
				CLANG_CXX_LIBRARY = "libc++";
				CLANG_ENABLE_MODULES = YES;
				CLANG_ENABLE_OBJC_ARC = YES;
				CLANG_ENABLE_OBJC_WEAK = YES;
				CLANG_WARN_BLOCK_CAPTURE_AUTORELEASING = YES;
				CLANG_WARN_BOOL_CONVERSION = YES;
				CLANG_WARN_COMMA = YES;
				CLANG_WARN_CONSTANT_CONVERSION = YES;
				CLANG_WARN_DEPRECATED_OBJC_IMPLEMENTATIONS = YES;
				CLANG_WARN_DIRECT_OBJC_ISA_USAGE = YES_ERROR;
				CLANG_WARN_DOCUMENTATION_COMMENTS = YES;
				CLANG_WARN_EMPTY_BODY = YES;
				CLANG_WARN_ENUM_CONVERSION = YES;
				CLANG_WARN_INFINITE_RECURSION = YES;
				CLANG_WARN_INT_CONVERSION = YES;
				CLANG_WARN_NON_LITERAL_NULL_CONVERSION = YES;
				CLANG_WARN_OBJC_IMPLICIT_RETAIN_SELF = YES;
				CLANG_WARN_OBJC_LITERAL_CONVERSION = YES;
				CLANG_WARN_OBJC_ROOT_CLASS = YES_ERROR;
				CLANG_WARN_QUOTED_INCLUDE_IN_FRAMEWORK_HEADER = YES;
				CLANG_WARN_RANGE_LOOP_ANALYSIS = YES;
				CLANG_WARN_STRICT_PROTOTYPES = YES;
				CLANG_WARN_SUSPICIOUS_MOVE = YES;
				CLANG_WARN_UNGUARDED_AVAILABILITY = YES_AGGRESSIVE;
				CLANG_WARN_UNREACHABLE_CODE = YES;
				CLANG_WARN__DUPLICATE_METHOD_MATCH = YES;
				CODE_SIGN_IDENTITY = "iPhone Developer";
				COPY_PHASE_STRIP = NO;
				DEAD_CODE_STRIPPING = YES;
				DEBUG_INFORMATION_FORMAT = dwarf;
				ENABLE_STRICT_OBJC_MSGSEND = YES;
				ENABLE_TESTABILITY = YES;
				GCC_C_LANGUAGE_STANDARD = gnu11;
				GCC_DYNAMIC_NO_PIC = NO;
				GCC_NO_COMMON_BLOCKS = YES;
				GCC_OPTIMIZATION_LEVEL = 0;
				GCC_PREPROCESSOR_DEFINITIONS = (
					"DEBUG=1",
					"$(inherited)",
				);
				GCC_WARN_64_TO_32_BIT_CONVERSION = YES;
				GCC_WARN_ABOUT_RETURN_TYPE = YES_ERROR;
				GCC_WARN_UNDECLARED_SELECTOR = YES;
				GCC_WARN_UNINITIALIZED_AUTOS = YES_AGGRESSIVE;
				GCC_WARN_UNUSED_FUNCTION = YES;
				GCC_WARN_UNUSED_VARIABLE = YES;
				MACOSX_DEPLOYMENT_TARGET = "$(RECOMMENDED_MACOSX_DEPLOYMENT_TARGET)";
				MTL_ENABLE_DEBUG_INFO = YES;
				ONLY_ACTIVE_ARCH = YES;
				SDKROOT = macosx;
				SWIFT_ACTIVE_COMPILATION_CONDITIONS = DEBUG;
				SWIFT_OPTIMIZATION_LEVEL = "-Onone";
			};
			name = Debug;
		};
		8485512F20FC916000EADA73 /* Release */ = {
			isa = XCBuildConfiguration;
			buildSettings = {
				ALWAYS_SEARCH_USER_PATHS = NO;
				CLANG_ANALYZER_NONNULL = YES;
				CLANG_ANALYZER_NUMBER_OBJECT_CONVERSION = YES_AGGRESSIVE;
				CLANG_CXX_LANGUAGE_STANDARD = "gnu++14";
				CLANG_CXX_LIBRARY = "libc++";
				CLANG_ENABLE_MODULES = YES;
				CLANG_ENABLE_OBJC_ARC = YES;
				CLANG_ENABLE_OBJC_WEAK = YES;
				CLANG_WARN_BLOCK_CAPTURE_AUTORELEASING = YES;
				CLANG_WARN_BOOL_CONVERSION = YES;
				CLANG_WARN_COMMA = YES;
				CLANG_WARN_CONSTANT_CONVERSION = YES;
				CLANG_WARN_DEPRECATED_OBJC_IMPLEMENTATIONS = YES;
				CLANG_WARN_DIRECT_OBJC_ISA_USAGE = YES_ERROR;
				CLANG_WARN_DOCUMENTATION_COMMENTS = YES;
				CLANG_WARN_EMPTY_BODY = YES;
				CLANG_WARN_ENUM_CONVERSION = YES;
				CLANG_WARN_INFINITE_RECURSION = YES;
				CLANG_WARN_INT_CONVERSION = YES;
				CLANG_WARN_NON_LITERAL_NULL_CONVERSION = YES;
				CLANG_WARN_OBJC_IMPLICIT_RETAIN_SELF = YES;
				CLANG_WARN_OBJC_LITERAL_CONVERSION = YES;
				CLANG_WARN_OBJC_ROOT_CLASS = YES_ERROR;
				CLANG_WARN_QUOTED_INCLUDE_IN_FRAMEWORK_HEADER = YES;
				CLANG_WARN_RANGE_LOOP_ANALYSIS = YES;
				CLANG_WARN_STRICT_PROTOTYPES = YES;
				CLANG_WARN_SUSPICIOUS_MOVE = YES;
				CLANG_WARN_UNGUARDED_AVAILABILITY = YES_AGGRESSIVE;
				CLANG_WARN_UNREACHABLE_CODE = YES;
				CLANG_WARN__DUPLICATE_METHOD_MATCH = YES;
				CODE_SIGN_IDENTITY = "iPhone Developer";
				COPY_PHASE_STRIP = NO;
				DEAD_CODE_STRIPPING = YES;
				DEBUG_INFORMATION_FORMAT = "dwarf-with-dsym";
				ENABLE_NS_ASSERTIONS = NO;
				ENABLE_STRICT_OBJC_MSGSEND = YES;
				GCC_C_LANGUAGE_STANDARD = gnu11;
				GCC_NO_COMMON_BLOCKS = YES;
				GCC_WARN_64_TO_32_BIT_CONVERSION = YES;
				GCC_WARN_ABOUT_RETURN_TYPE = YES_ERROR;
				GCC_WARN_UNDECLARED_SELECTOR = YES;
				GCC_WARN_UNINITIALIZED_AUTOS = YES_AGGRESSIVE;
				GCC_WARN_UNUSED_FUNCTION = YES;
				GCC_WARN_UNUSED_VARIABLE = YES;
				MACOSX_DEPLOYMENT_TARGET = "$(RECOMMENDED_MACOSX_DEPLOYMENT_TARGET)";
				MTL_ENABLE_DEBUG_INFO = NO;
				SDKROOT = macosx;
				SWIFT_COMPILATION_MODE = wholemodule;
				SWIFT_OPTIMIZATION_LEVEL = "-O";
				VALIDATE_PRODUCT = YES;
			};
			name = Release;
		};
		8485513120FC916000EADA73 /* Debug */ = {
			isa = XCBuildConfiguration;
			buildSettings = {
				CODE_SIGN_STYLE = Automatic;
				DEAD_CODE_STRIPPING = YES;
				DEVELOPMENT_TEAM = Y58337NXE2;
				OTHER_LDFLAGS = "-ObjC";
				PRODUCT_NAME = "$(TARGET_NAME)";
				SKIP_INSTALL = YES;
				SWIFT_VERSION = 5.0;
				TARGETED_DEVICE_FAMILY = "1,2";
			};
			name = Debug;
		};
		8485513220FC916000EADA73 /* Release */ = {
			isa = XCBuildConfiguration;
			buildSettings = {
				CODE_SIGN_STYLE = Automatic;
				DEAD_CODE_STRIPPING = YES;
				DEVELOPMENT_TEAM = Y58337NXE2;
				OTHER_LDFLAGS = "-ObjC";
				PRODUCT_NAME = "$(TARGET_NAME)";
				SKIP_INSTALL = YES;
				SWIFT_VERSION = 5.0;
				TARGETED_DEVICE_FAMILY = "1,2";
			};
			name = Release;
		};
		8485514020FC91C100EADA73 /* Debug */ = {
			isa = XCBuildConfiguration;
			buildSettings = {
				CODE_SIGN_STYLE = Automatic;
				DEAD_CODE_STRIPPING = YES;
				DEVELOPMENT_TEAM = Y58337NXE2;
				INFOPLIST_FILE = CrcSwiftTests/Info.plist;
				LD_RUNPATH_SEARCH_PATHS = (
					"$(inherited)",
					"@executable_path/Frameworks",
					"@loader_path/Frameworks",
				);
				MACOSX_DEPLOYMENT_TARGET = 12.4;
				PRODUCT_BUNDLE_IDENTIFIER = IE.CrcSwiftTests;
				PRODUCT_NAME = "$(TARGET_NAME)";
				SWIFT_VERSION = 5.0;
				TARGETED_DEVICE_FAMILY = "1,2";
			};
			name = Debug;
		};
		8485514120FC91C100EADA73 /* Release */ = {
			isa = XCBuildConfiguration;
			buildSettings = {
				CODE_SIGN_STYLE = Automatic;
				DEAD_CODE_STRIPPING = YES;
				DEVELOPMENT_TEAM = Y58337NXE2;
				INFOPLIST_FILE = CrcSwiftTests/Info.plist;
				LD_RUNPATH_SEARCH_PATHS = (
					"$(inherited)",
					"@executable_path/Frameworks",
					"@loader_path/Frameworks",
				);
				MACOSX_DEPLOYMENT_TARGET = 12.4;
				PRODUCT_BUNDLE_IDENTIFIER = IE.CrcSwiftTests;
				PRODUCT_NAME = "$(TARGET_NAME)";
				SWIFT_VERSION = 5.0;
				TARGETED_DEVICE_FAMILY = "1,2";
			};
			name = Release;
		};
/* End XCBuildConfiguration section */

/* Begin XCConfigurationList section */
		8485512420FC916000EADA73 /* Build configuration list for PBXProject "CrcSwift" */ = {
			isa = XCConfigurationList;
			buildConfigurations = (
				8485512E20FC916000EADA73 /* Debug */,
				8485512F20FC916000EADA73 /* Release */,
			);
			defaultConfigurationIsVisible = 0;
			defaultConfigurationName = Debug;
		};
		8485513020FC916000EADA73 /* Build configuration list for PBXNativeTarget "CrcSwift" */ = {
			isa = XCConfigurationList;
			buildConfigurations = (
				8485513120FC916000EADA73 /* Debug */,
				8485513220FC916000EADA73 /* Release */,
			);
			defaultConfigurationIsVisible = 0;
			defaultConfigurationName = Debug;
		};
		8485513F20FC91C100EADA73 /* Build configuration list for PBXNativeTarget "CrcSwiftTests" */ = {
			isa = XCConfigurationList;
			buildConfigurations = (
				8485514020FC91C100EADA73 /* Debug */,
				8485514120FC91C100EADA73 /* Release */,
			);
			defaultConfigurationIsVisible = 0;
			defaultConfigurationName = Debug;
		};
/* End XCConfigurationList section */
	};
	rootObject = 8485512120FC916000EADA73 /* Project object */;
}
